// !$*UTF8*$!
{
	archiveVersion = 1;
	classes = {
	};
	objectVersion = 52;
	objects = {

/* Begin PBXBuildFile section */
		2E211E922C650B2D00F6850A /* Epotheke.xcframework in Frameworks */ = {isa = PBXBuildFile; fileRef = 2E211E912C650B2D00F6850A /* Epotheke.xcframework */; };
		2E211E932C650B2D00F6850A /* Epotheke.xcframework in Embed Frameworks */ = {isa = PBXBuildFile; fileRef = 2E211E912C650B2D00F6850A /* Epotheke.xcframework */; settings = {ATTRIBUTES = (CodeSignOnCopy, RemoveHeadersOnCopy, ); }; };
		2E88059F2439FC8800628D8F /* WebKit.framework in Frameworks */ = {isa = PBXBuildFile; fileRef = 2E88059E2439FC8800628D8F /* WebKit.framework */; };
		2ED1F19D23224C5F0054B632 /* Main.storyboard in Resources */ = {isa = PBXBuildFile; fileRef = 6C702FD220D7DA0E000083E1 /* Main.storyboard */; };
		6C702FCF20D7DA0E000083E1 /* AppDelegate.swift in Sources */ = {isa = PBXBuildFile; fileRef = 6C702FCE20D7DA0E000083E1 /* AppDelegate.swift */; };
		6C702FD120D7DA0E000083E1 /* ViewController.swift in Sources */ = {isa = PBXBuildFile; fileRef = 6C702FD020D7DA0E000083E1 /* ViewController.swift */; };
		6C702FD620D7DA0E000083E1 /* Assets.xcassets in Resources */ = {isa = PBXBuildFile; fileRef = 6C702FD520D7DA0E000083E1 /* Assets.xcassets */; };
		D54CA851874DF88450068CA5 /* Pods_iOS_OeC_testApp.framework in Frameworks */ = {isa = PBXBuildFile; fileRef = D98A554B289D69D83F0D7A66 /* Pods_iOS_OeC_testApp.framework */; };
/* End PBXBuildFile section */

/* Begin PBXCopyFilesBuildPhase section */
		2ED1F1A4232251660054B632 /* Embed Frameworks */ = {
			isa = PBXCopyFilesBuildPhase;
			buildActionMask = 2147483647;
			dstPath = "";
			dstSubfolderSpec = 10;
			files = (
				2E211E932C650B2D00F6850A /* Epotheke.xcframework in Embed Frameworks */,
			);
			name = "Embed Frameworks";
			runOnlyForDeploymentPostprocessing = 0;
		};
/* End PBXCopyFilesBuildPhase section */

/* Begin PBXFileReference section */
		28D2581C02C24076C077020F /* Pods-iOS_OeC_testApp.debug.xcconfig */ = {isa = PBXFileReference; includeInIndex = 1; lastKnownFileType = text.xcconfig; name = "Pods-iOS_OeC_testApp.debug.xcconfig"; path = "Target Support Files/Pods-iOS_OeC_testApp/Pods-iOS_OeC_testApp.debug.xcconfig"; sourceTree = "<group>"; };
		2E211E912C650B2D00F6850A /* Epotheke.xcframework */ = {isa = PBXFileReference; lastKnownFileType = wrapper.xcframework; name = Epotheke.xcframework; path = Pods/Epotheke.xcframework; sourceTree = "<group>"; };
		2E88059E2439FC8800628D8F /* WebKit.framework */ = {isa = PBXFileReference; lastKnownFileType = wrapper.framework; name = WebKit.framework; path = System/Library/Frameworks/WebKit.framework; sourceTree = SDKROOT; };
		2ED1F19F23224C600054B632 /* en */ = {isa = PBXFileReference; lastKnownFileType = text.plist.strings; name = en; path = en.lproj/Main.strings; sourceTree = "<group>"; };
		2ED1F1A5232251A00054B632 /* AlertController.entitlements */ = {isa = PBXFileReference; lastKnownFileType = text.plist.entitlements; path = AlertController.entitlements; sourceTree = "<group>"; };
		6C702FCB20D7DA0E000083E1 /* iOS_OeC_testApp.app */ = {isa = PBXFileReference; explicitFileType = wrapper.application; includeInIndex = 0; path = iOS_OeC_testApp.app; sourceTree = BUILT_PRODUCTS_DIR; };
		6C702FCE20D7DA0E000083E1 /* AppDelegate.swift */ = {isa = PBXFileReference; lastKnownFileType = sourcecode.swift; path = AppDelegate.swift; sourceTree = "<group>"; };
		6C702FD020D7DA0E000083E1 /* ViewController.swift */ = {isa = PBXFileReference; lastKnownFileType = sourcecode.swift; path = ViewController.swift; sourceTree = "<group>"; };
		6C702FD320D7DA0E000083E1 /* Base */ = {isa = PBXFileReference; lastKnownFileType = file.storyboard; name = Base; path = Base.lproj/Main.storyboard; sourceTree = "<group>"; };
		6C702FD520D7DA0E000083E1 /* Assets.xcassets */ = {isa = PBXFileReference; lastKnownFileType = folder.assetcatalog; path = Assets.xcassets; sourceTree = "<group>"; };
		6C702FDA20D7DA0E000083E1 /* Info.plist */ = {isa = PBXFileReference; lastKnownFileType = text.plist.xml; path = Info.plist; sourceTree = "<group>"; };
		D2A8520CE8B379B336B34871 /* Pods-iOS_OeC_testApp.release.xcconfig */ = {isa = PBXFileReference; includeInIndex = 1; lastKnownFileType = text.xcconfig; name = "Pods-iOS_OeC_testApp.release.xcconfig"; path = "Target Support Files/Pods-iOS_OeC_testApp/Pods-iOS_OeC_testApp.release.xcconfig"; sourceTree = "<group>"; };
		D98A554B289D69D83F0D7A66 /* Pods_iOS_OeC_testApp.framework */ = {isa = PBXFileReference; explicitFileType = wrapper.framework; includeInIndex = 0; path = Pods_iOS_OeC_testApp.framework; sourceTree = BUILT_PRODUCTS_DIR; };
/* End PBXFileReference section */

/* Begin PBXFrameworksBuildPhase section */
		6C702FC820D7DA0E000083E1 /* Frameworks */ = {
			isa = PBXFrameworksBuildPhase;
			buildActionMask = 2147483647;
			files = (
				2E88059F2439FC8800628D8F /* WebKit.framework in Frameworks */,
				D54CA851874DF88450068CA5 /* Pods_iOS_OeC_testApp.framework in Frameworks */,
				2E211E922C650B2D00F6850A /* Epotheke.xcframework in Frameworks */,
			);
			runOnlyForDeploymentPostprocessing = 0;
		};
/* End PBXFrameworksBuildPhase section */

/* Begin PBXGroup section */
		2E88059D2439FC8800628D8F /* Frameworks */ = {
			isa = PBXGroup;
			children = (
				2E211E912C650B2D00F6850A /* Epotheke.xcframework */,
				2E88059E2439FC8800628D8F /* WebKit.framework */,
				D98A554B289D69D83F0D7A66 /* Pods_iOS_OeC_testApp.framework */,
			);
			name = Frameworks;
			sourceTree = "<group>";
		};
		6C702FC220D7DA0E000083E1 = {
			isa = PBXGroup;
			children = (
				6C702FCD20D7DA0E000083E1 /* AlertController */,
				6C702FCC20D7DA0E000083E1 /* Products */,
				2E88059D2439FC8800628D8F /* Frameworks */,
				891A45B53830B1BBD9D5C469 /* Pods */,
			);
			sourceTree = "<group>";
		};
		6C702FCC20D7DA0E000083E1 /* Products */ = {
			isa = PBXGroup;
			children = (
				6C702FCB20D7DA0E000083E1 /* iOS_OeC_testApp.app */,
			);
			name = Products;
			sourceTree = "<group>";
		};
		6C702FCD20D7DA0E000083E1 /* AlertController */ = {
			isa = PBXGroup;
			children = (
				2ED1F1A5232251A00054B632 /* AlertController.entitlements */,
				6C702FCE20D7DA0E000083E1 /* AppDelegate.swift */,
				6C702FD020D7DA0E000083E1 /* ViewController.swift */,
				6C702FD220D7DA0E000083E1 /* Main.storyboard */,
				6C702FD520D7DA0E000083E1 /* Assets.xcassets */,
				6C702FDA20D7DA0E000083E1 /* Info.plist */,
			);
			path = AlertController;
			sourceTree = "<group>";
		};
		891A45B53830B1BBD9D5C469 /* Pods */ = {
			isa = PBXGroup;
			children = (
				28D2581C02C24076C077020F /* Pods-iOS_OeC_testApp.debug.xcconfig */,
				D2A8520CE8B379B336B34871 /* Pods-iOS_OeC_testApp.release.xcconfig */,
			);
			path = Pods;
			sourceTree = "<group>";
		};
/* End PBXGroup section */

/* Begin PBXNativeTarget section */
		6C702FCA20D7DA0E000083E1 /* iOS_OeC_testApp */ = {
			isa = PBXNativeTarget;
			buildConfigurationList = 6C702FDD20D7DA0E000083E1 /* Build configuration list for PBXNativeTarget "iOS_OeC_testApp" */;
			buildPhases = (
				43F85A4A9789A5627F3EA140 /* [CP] Check Pods Manifest.lock */,
				6C702FC720D7DA0E000083E1 /* Sources */,
				6C702FC820D7DA0E000083E1 /* Frameworks */,
				6C702FC920D7DA0E000083E1 /* Resources */,
				2ED1F1A4232251660054B632 /* Embed Frameworks */,
				8196EACF2C708D4082B7107E /* [CP] Embed Pods Frameworks */,
			);
			buildRules = (
			);
			dependencies = (
			);
			name = iOS_OeC_testApp;
			productName = AlertController;
			productReference = 6C702FCB20D7DA0E000083E1 /* iOS_OeC_testApp.app */;
			productType = "com.apple.product-type.application";
		};
/* End PBXNativeTarget section */

/* Begin PBXProject section */
		6C702FC320D7DA0E000083E1 /* Project object */ = {
			isa = PBXProject;
			attributes = {
				LastSwiftUpdateCheck = 0920;
				LastUpgradeCheck = 1100;
				ORGANIZATIONNAME = "Mihir Pipermitwala";
				TargetAttributes = {
					6C702FCA20D7DA0E000083E1 = {
						CreatedOnToolsVersion = 9.2;
						ProvisioningStyle = Automatic;
					};
				};
			};
			buildConfigurationList = 6C702FC620D7DA0E000083E1 /* Build configuration list for PBXProject "iOS_OeC_testApp" */;
			compatibilityVersion = "Xcode 8.0";
			developmentRegion = en;
			hasScannedForEncodings = 0;
			knownRegions = (
				en,
				Base,
			);
			mainGroup = 6C702FC220D7DA0E000083E1;
			productRefGroup = 6C702FCC20D7DA0E000083E1 /* Products */;
			projectDirPath = "";
			projectRoot = "";
			targets = (
				6C702FCA20D7DA0E000083E1 /* iOS_OeC_testApp */,
			);
		};
/* End PBXProject section */

/* Begin PBXResourcesBuildPhase section */
		6C702FC920D7DA0E000083E1 /* Resources */ = {
			isa = PBXResourcesBuildPhase;
			buildActionMask = 2147483647;
			files = (
				2ED1F19D23224C5F0054B632 /* Main.storyboard in Resources */,
				6C702FD620D7DA0E000083E1 /* Assets.xcassets in Resources */,
			);
			runOnlyForDeploymentPostprocessing = 0;
		};
/* End PBXResourcesBuildPhase section */

/* Begin PBXShellScriptBuildPhase section */
		43F85A4A9789A5627F3EA140 /* [CP] Check Pods Manifest.lock */ = {
			isa = PBXShellScriptBuildPhase;
			buildActionMask = 2147483647;
			files = (
			);
			inputFileListPaths = (
			);
			inputPaths = (
				"${PODS_PODFILE_DIR_PATH}/Podfile.lock",
				"${PODS_ROOT}/Manifest.lock",
			);
			name = "[CP] Check Pods Manifest.lock";
			outputFileListPaths = (
			);
			outputPaths = (
				"$(DERIVED_FILE_DIR)/Pods-iOS_OeC_testApp-checkManifestLockResult.txt",
			);
			runOnlyForDeploymentPostprocessing = 0;
			shellPath = /bin/sh;
			shellScript = "diff \"${PODS_PODFILE_DIR_PATH}/Podfile.lock\" \"${PODS_ROOT}/Manifest.lock\" > /dev/null\nif [ $? != 0 ] ; then\n    # print error to STDERR\n    echo \"error: The sandbox is not in sync with the Podfile.lock. Run 'pod install' or update your CocoaPods installation.\" >&2\n    exit 1\nfi\n# This output is used by Xcode 'outputs' to avoid re-running this script phase.\necho \"SUCCESS\" > \"${SCRIPT_OUTPUT_FILE_0}\"\n";
			showEnvVarsInLog = 0;
		};
		8196EACF2C708D4082B7107E /* [CP] Embed Pods Frameworks */ = {
			isa = PBXShellScriptBuildPhase;
			buildActionMask = 2147483647;
			files = (
			);
			inputPaths = (
				"${PODS_ROOT}/Target Support Files/Pods-iOS_OeC_testApp/Pods-iOS_OeC_testApp-frameworks.sh",
				"${PODS_XCFRAMEWORKS_BUILD_DIR}/open-ecard/OpenEcard.framework/OpenEcard",
			);
			name = "[CP] Embed Pods Frameworks";
			outputPaths = (
				"${TARGET_BUILD_DIR}/${FRAMEWORKS_FOLDER_PATH}/OpenEcard.framework",
			);
			runOnlyForDeploymentPostprocessing = 0;
			shellPath = /bin/sh;
			shellScript = "\"${PODS_ROOT}/Target Support Files/Pods-iOS_OeC_testApp/Pods-iOS_OeC_testApp-frameworks.sh\"\n";
			showEnvVarsInLog = 0;
		};
/* End PBXShellScriptBuildPhase section */

/* Begin PBXSourcesBuildPhase section */
		6C702FC720D7DA0E000083E1 /* Sources */ = {
			isa = PBXSourcesBuildPhase;
			buildActionMask = 2147483647;
			files = (
				6C702FD120D7DA0E000083E1 /* ViewController.swift in Sources */,
				6C702FCF20D7DA0E000083E1 /* AppDelegate.swift in Sources */,
			);
			runOnlyForDeploymentPostprocessing = 0;
		};
/* End PBXSourcesBuildPhase section */

/* Begin PBXVariantGroup section */
		6C702FD220D7DA0E000083E1 /* Main.storyboard */ = {
			isa = PBXVariantGroup;
			children = (
				6C702FD320D7DA0E000083E1 /* Base */,
				2ED1F19F23224C600054B632 /* en */,
			);
			name = Main.storyboard;
			sourceTree = "<group>";
		};
/* End PBXVariantGroup section */

/* Begin XCBuildConfiguration section */
		6C702FDB20D7DA0E000083E1 /* Debug */ = {
			isa = XCBuildConfiguration;
			buildSettings = {
				ALWAYS_EMBED_SWIFT_STANDARD_LIBRARIES = YES;
				ALWAYS_SEARCH_USER_PATHS = NO;
				CLANG_ANALYZER_NONNULL = YES;
				CLANG_ANALYZER_NUMBER_OBJECT_CONVERSION = YES_AGGRESSIVE;
				CLANG_CXX_LANGUAGE_STANDARD = "gnu++14";
				CLANG_CXX_LIBRARY = "libc++";
				CLANG_ENABLE_MODULES = YES;
				CLANG_ENABLE_OBJC_ARC = YES;
				CLANG_WARN_BLOCK_CAPTURE_AUTORELEASING = YES;
				CLANG_WARN_BOOL_CONVERSION = YES;
				CLANG_WARN_COMMA = YES;
				CLANG_WARN_CONSTANT_CONVERSION = YES;
				CLANG_WARN_DEPRECATED_OBJC_IMPLEMENTATIONS = YES;
				CLANG_WARN_DIRECT_OBJC_ISA_USAGE = YES_ERROR;
				CLANG_WARN_DOCUMENTATION_COMMENTS = YES;
				CLANG_WARN_EMPTY_BODY = YES;
				CLANG_WARN_ENUM_CONVERSION = YES;
				CLANG_WARN_INFINITE_RECURSION = YES;
				CLANG_WARN_INT_CONVERSION = YES;
				CLANG_WARN_NON_LITERAL_NULL_CONVERSION = YES;
				CLANG_WARN_OBJC_IMPLICIT_RETAIN_SELF = YES;
				CLANG_WARN_OBJC_LITERAL_CONVERSION = YES;
				CLANG_WARN_OBJC_ROOT_CLASS = YES_ERROR;
				CLANG_WARN_RANGE_LOOP_ANALYSIS = YES;
				CLANG_WARN_STRICT_PROTOTYPES = YES;
				CLANG_WARN_SUSPICIOUS_MOVE = YES;
				CLANG_WARN_UNGUARDED_AVAILABILITY = YES_AGGRESSIVE;
				CLANG_WARN_UNREACHABLE_CODE = YES;
				CLANG_WARN__DUPLICATE_METHOD_MATCH = YES;
				CODE_SIGN_IDENTITY = "iPhone Developer";
				CODE_SIGN_INJECT_BASE_ENTITLEMENTS = NO;
				CODE_SIGN_STYLE = Automatic;
				COPY_PHASE_STRIP = NO;
				DEBUG_INFORMATION_FORMAT = dwarf;
				DEVELOPMENT_TEAM = 72RMQ6K75Z;
				EMBED_ASSET_PACKS_IN_PRODUCT_BUNDLE = NO;
				ENABLE_BITCODE = NO;
				ENABLE_STRICT_OBJC_MSGSEND = YES;
				ENABLE_TESTABILITY = YES;
				FRAMEWORK_SEARCH_PATHS = (
					"/Users/ecsec/open-ecard/packager/ios-framework/target/robovm\n/Users/ecsec/open-ecard/packager/ios-framework/target/robovm\n/Users/ecsec/open-ecard/packager/ios-framework/target/robovm\n/Users/ecsec/open-ecard/packager/ios-framework/target/robovm\n/**",
				);
				GCC_C_LANGUAGE_STANDARD = gnu11;
				GCC_DYNAMIC_NO_PIC = NO;
				GCC_NO_COMMON_BLOCKS = YES;
				GCC_OPTIMIZATION_LEVEL = 0;
				GCC_PREPROCESSOR_DEFINITIONS = (
					"DEBUG=1",
					"$(inherited)",
				);
				GCC_WARN_64_TO_32_BIT_CONVERSION = YES;
				GCC_WARN_ABOUT_RETURN_TYPE = YES_ERROR;
				GCC_WARN_UNDECLARED_SELECTOR = YES;
				GCC_WARN_UNINITIALIZED_AUTOS = YES_AGGRESSIVE;
				GCC_WARN_UNUSED_FUNCTION = YES;
				GCC_WARN_UNUSED_VARIABLE = YES;
				IPHONEOS_DEPLOYMENT_TARGET = 13.0;
				MTL_ENABLE_DEBUG_INFO = YES;
				ONLY_ACTIVE_ARCH = YES;
				SDKROOT = iphoneos;
				SWIFT_ACTIVE_COMPILATION_CONDITIONS = DEBUG;
				SWIFT_OPTIMIZATION_LEVEL = "-Onone";
			};
			name = Debug;
		};
		6C702FDC20D7DA0E000083E1 /* Release */ = {
			isa = XCBuildConfiguration;
			buildSettings = {
				ALWAYS_EMBED_SWIFT_STANDARD_LIBRARIES = YES;
				ALWAYS_SEARCH_USER_PATHS = NO;
				CLANG_ANALYZER_NONNULL = YES;
				CLANG_ANALYZER_NUMBER_OBJECT_CONVERSION = YES_AGGRESSIVE;
				CLANG_CXX_LANGUAGE_STANDARD = "gnu++14";
				CLANG_CXX_LIBRARY = "libc++";
				CLANG_ENABLE_MODULES = YES;
				CLANG_ENABLE_OBJC_ARC = YES;
				CLANG_WARN_BLOCK_CAPTURE_AUTORELEASING = YES;
				CLANG_WARN_BOOL_CONVERSION = YES;
				CLANG_WARN_COMMA = YES;
				CLANG_WARN_CONSTANT_CONVERSION = YES;
				CLANG_WARN_DEPRECATED_OBJC_IMPLEMENTATIONS = YES;
				CLANG_WARN_DIRECT_OBJC_ISA_USAGE = YES_ERROR;
				CLANG_WARN_DOCUMENTATION_COMMENTS = YES;
				CLANG_WARN_EMPTY_BODY = YES;
				CLANG_WARN_ENUM_CONVERSION = YES;
				CLANG_WARN_INFINITE_RECURSION = YES;
				CLANG_WARN_INT_CONVERSION = YES;
				CLANG_WARN_NON_LITERAL_NULL_CONVERSION = YES;
				CLANG_WARN_OBJC_IMPLICIT_RETAIN_SELF = YES;
				CLANG_WARN_OBJC_LITERAL_CONVERSION = YES;
				CLANG_WARN_OBJC_ROOT_CLASS = YES_ERROR;
				CLANG_WARN_RANGE_LOOP_ANALYSIS = YES;
				CLANG_WARN_STRICT_PROTOTYPES = YES;
				CLANG_WARN_SUSPICIOUS_MOVE = YES;
				CLANG_WARN_UNGUARDED_AVAILABILITY = YES_AGGRESSIVE;
				CLANG_WARN_UNREACHABLE_CODE = YES;
				CLANG_WARN__DUPLICATE_METHOD_MATCH = YES;
				CODE_SIGN_IDENTITY = "iPhone Developer";
				CODE_SIGN_INJECT_BASE_ENTITLEMENTS = NO;
				CODE_SIGN_STYLE = Automatic;
				COPY_PHASE_STRIP = NO;
				DEBUG_INFORMATION_FORMAT = "dwarf-with-dsym";
				DEVELOPMENT_TEAM = 72RMQ6K75Z;
				EMBED_ASSET_PACKS_IN_PRODUCT_BUNDLE = NO;
				ENABLE_BITCODE = NO;
				ENABLE_NS_ASSERTIONS = NO;
				ENABLE_STRICT_OBJC_MSGSEND = YES;
				FRAMEWORK_SEARCH_PATHS = (
					"/Users/ecsec/open-ecard/packager/ios-framework/target/robovm\n/Users/ecsec/open-ecard/packager/ios-framework/target/robovm\n/Users/ecsec/open-ecard/packager/ios-framework/target/robovm\n/Users/ecsec/open-ecard/packager/ios-framework/target/robovm\n/**",
				);
				GCC_C_LANGUAGE_STANDARD = gnu11;
				GCC_NO_COMMON_BLOCKS = YES;
				GCC_WARN_64_TO_32_BIT_CONVERSION = YES;
				GCC_WARN_ABOUT_RETURN_TYPE = YES_ERROR;
				GCC_WARN_UNDECLARED_SELECTOR = YES;
				GCC_WARN_UNINITIALIZED_AUTOS = YES_AGGRESSIVE;
				GCC_WARN_UNUSED_FUNCTION = YES;
				GCC_WARN_UNUSED_VARIABLE = YES;
				IPHONEOS_DEPLOYMENT_TARGET = 13.0;
				MTL_ENABLE_DEBUG_INFO = NO;
				SDKROOT = iphoneos;
				SWIFT_COMPILATION_MODE = wholemodule;
				SWIFT_OPTIMIZATION_LEVEL = "-O";
				VALIDATE_PRODUCT = YES;
			};
			name = Release;
		};
		6C702FDE20D7DA0E000083E1 /* Debug */ = {
			isa = XCBuildConfiguration;
			baseConfigurationReference = 28D2581C02C24076C077020F /* Pods-iOS_OeC_testApp.debug.xcconfig */;
			buildSettings = {
				ASSETCATALOG_COMPILER_APPICON_NAME = AppIcon;
				CODE_SIGN_ENTITLEMENTS = AlertController/AlertController.entitlements;
				CODE_SIGN_IDENTITY = "Apple Development";
				CODE_SIGN_STYLE = Automatic;
				CURRENT_PROJECT_VERSION = 2;
				DEVELOPMENT_TEAM = 72RMQ6K75Z;
				ENABLE_BITCODE = NO;
				FRAMEWORK_SEARCH_PATHS = (
					"$(inherited)",
					"$(PROJECT_DIR)",
				);
				INFOPLIST_FILE = AlertController/Info.plist;
				IPHONEOS_DEPLOYMENT_TARGET = 13.0;
				LD_RUNPATH_SEARCH_PATHS = (
					"$(inherited)",
					"@executable_path/Frameworks",
				);
				PRODUCT_BUNDLE_IDENTIFIER = "de.ecsec.iOS-OeC-testApp";
				PRODUCT_NAME = iOS_OeC_testApp;
				PROVISIONING_PROFILE_SPECIFIER = "";
				SWIFT_VERSION = 4.0;
				TARGETED_DEVICE_FAMILY = 1;
			};
			name = Debug;
		};
		6C702FDF20D7DA0E000083E1 /* Release */ = {
			isa = XCBuildConfiguration;
			baseConfigurationReference = D2A8520CE8B379B336B34871 /* Pods-iOS_OeC_testApp.release.xcconfig */;
			buildSettings = {
				ASSETCATALOG_COMPILER_APPICON_NAME = AppIcon;
				CODE_SIGN_ENTITLEMENTS = AlertController/AlertController.entitlements;
				CODE_SIGN_IDENTITY = "Apple Development";
				CODE_SIGN_STYLE = Automatic;
				CURRENT_PROJECT_VERSION = 2;
				DEVELOPMENT_TEAM = 72RMQ6K75Z;
				ENABLE_BITCODE = NO;
				FRAMEWORK_SEARCH_PATHS = (
					"$(inherited)",
					"$(PROJECT_DIR)",
				);
				INFOPLIST_FILE = AlertController/Info.plist;
				IPHONEOS_DEPLOYMENT_TARGET = 13.0;
				LD_RUNPATH_SEARCH_PATHS = (
					"$(inherited)",
					"@executable_path/Frameworks",
				);
				PRODUCT_BUNDLE_IDENTIFIER = "de.ecsec.iOS-OeC-testApp";
				PRODUCT_NAME = iOS_OeC_testApp;
				PROVISIONING_PROFILE_SPECIFIER = "";
				SWIFT_VERSION = 4.0;
				TARGETED_DEVICE_FAMILY = 1;
			};
			name = Release;
		};
/* End XCBuildConfiguration section */

/* Begin XCConfigurationList section */
		6C702FC620D7DA0E000083E1 /* Build configuration list for PBXProject "iOS_OeC_testApp" */ = {
			isa = XCConfigurationList;
			buildConfigurations = (
				6C702FDB20D7DA0E000083E1 /* Debug */,
				6C702FDC20D7DA0E000083E1 /* Release */,
			);
			defaultConfigurationIsVisible = 0;
			defaultConfigurationName = Release;
		};
		6C702FDD20D7DA0E000083E1 /* Build configuration list for PBXNativeTarget "iOS_OeC_testApp" */ = {
			isa = XCConfigurationList;
			buildConfigurations = (
				6C702FDE20D7DA0E000083E1 /* Debug */,
				6C702FDF20D7DA0E000083E1 /* Release */,
			);
			defaultConfigurationIsVisible = 0;
			defaultConfigurationName = Release;
		};
/* End XCConfigurationList section */
	};
	rootObject = 6C702FC320D7DA0E000083E1 /* Project object */;
}
