PODS:
  - epotheke-sdk (1.1.4):
    - open-ecard (= 2.3.0-rc.6)
  - open-ecard (2.3.0-rc.6)

DEPENDENCIES:
  - epotheke-sdk (>= 1.1.4)

SPEC REPOS:
  trunk:
    - epotheke-sdk
    - open-ecard

SPEC CHECKSUMS:
  epotheke-sdk: 4ed4dbe86e5281f55413f7263ccd265c9a4599c2
  open-ecard: 5893f02daf8b32fc549c5578e527979bfe80ef6b

PODFILE CHECKSUM: 30afea8f6c0c766fcbe8fa10084dee651f703823

COCOAPODS: 1.15.2
