PODS:
  - epotheke-sdk (1.1.4-rc.2):
    - open-ecard (= 2.3.0-rc.6)
  - open-ecard (2.3.0-rc.6)

DEPENDENCIES:
  - epotheke-sdk (>= 1.1.4-rc.2)

SPEC REPOS:
  trunk:
    - epotheke-sdk
    - open-ecard

SPEC CHECKSUMS:
  epotheke-sdk: cba0857123695b0309d735b46f8ecc1162535b4c
  open-ecard: 5893f02daf8b32fc549c5578e527979bfe80ef6b

PODFILE CHECKSUM: 043e6979173a86bb621715e38d86a6fdfffef9cc

COCOAPODS: 1.15.2
