PODS:
  - epotheke-sdk (1.1.8):
    - open-ecard (= 2.3.2)
  - open-ecard (2.3.2)

DEPENDENCIES:
  - epotheke-sdk (>= 1.1.8)

SPEC REPOS:
  trunk:
    - epotheke-sdk
    - open-ecard

SPEC CHECKSUMS:
  epotheke-sdk: f37e0380badbb9e741997d472e317dc609c9503f
  open-ecard: bb3ef1579f9a528f3334ba60f74cc6c0dcfaaf4d

PODFILE CHECKSUM: 7d8a9e97eb60acb478c64a3596c7aec72e3473d1

COCOAPODS: 1.15.2
